// !$*UTF8*$!
{
	archiveVersion = 1;
	classes = {
	};
	objectVersion = 56;
	objects = {

/* Begin PBXBuildFile section */
		57DCFD0CCFC8FA21C9303D5B /* Pods_GameTutorial.framework in Frameworks */ = {isa = PBXBuildFile; fileRef = 800C5FB0DC246159F909B62D /* Pods_GameTutorial.framework */; };
		B254EBDC299D48EE005B5FC0 /* AppDelegate.swift in Sources */ = {isa = PBXBuildFile; fileRef = B254EBDB299D48EE005B5FC0 /* AppDelegate.swift */; };
		B254EBDE299D48EE005B5FC0 /* GameScene.sks in Resources */ = {isa = PBXBuildFile; fileRef = B254EBDD299D48EE005B5FC0 /* GameScene.sks */; };
		B254EBE0299D48EE005B5FC0 /* Actions.sks in Resources */ = {isa = PBXBuildFile; fileRef = B254EBDF299D48EE005B5FC0 /* Actions.sks */; };
		B254EBE2299D48EE005B5FC0 /* GameScene.swift in Sources */ = {isa = PBXBuildFile; fileRef = B254EBE1299D48EE005B5FC0 /* GameScene.swift */; };
		B254EBE4299D48EE005B5FC0 /* GameViewController.swift in Sources */ = {isa = PBXBuildFile; fileRef = B254EBE3299D48EE005B5FC0 /* GameViewController.swift */; };
		B254EBE7299D48EE005B5FC0 /* Main.storyboard in Resources */ = {isa = PBXBuildFile; fileRef = B254EBE5299D48EE005B5FC0 /* Main.storyboard */; };
		B254EBE9299D48F0005B5FC0 /* Assets.xcassets in Resources */ = {isa = PBXBuildFile; fileRef = B254EBE8299D48F0005B5FC0 /* Assets.xcassets */; };
		B254EBEC299D48F0005B5FC0 /* LaunchScreen.storyboard in Resources */ = {isa = PBXBuildFile; fileRef = B254EBEA299D48F0005B5FC0 /* LaunchScreen.storyboard */; };
		B25C898729A6A141003F4036 /* Lvl2Scene.sks in Resources */ = {isa = PBXBuildFile; fileRef = B25C898629A6A141003F4036 /* Lvl2Scene.sks */; };
		B260AA8D29A926ED00A0E58B /* VpnChecker.swift in Sources */ = {isa = PBXBuildFile; fileRef = B260AA8C29A926ED00A0E58B /* VpnChecker.swift */; };
		B268609D29A2AAF600303C69 /* LevelsScene.sks in Resources */ = {isa = PBXBuildFile; fileRef = B268609C29A2AAF600303C69 /* LevelsScene.sks */; };
		B268609F29A2AB0D00303C69 /* LevelsScene.swift in Sources */ = {isa = PBXBuildFile; fileRef = B268609E29A2AB0D00303C69 /* LevelsScene.swift */; };
		B2AEA32729A3C2DF00A8118F /* song.mp3 in Resources */ = {isa = PBXBuildFile; fileRef = B2AEA32629A3C2DF00A8118F /* song.mp3 */; };
		B2B9DC1E29A00812005E6FC9 /* MenuGameScene.sks in Resources */ = {isa = PBXBuildFile; fileRef = B2B9DC1D29A00812005E6FC9 /* MenuGameScene.sks */; };
		B2B9DC2229A0094F005E6FC9 /* MenuGameScene.swift in Sources */ = {isa = PBXBuildFile; fileRef = B2B9DC2129A0094F005E6FC9 /* MenuGameScene.swift */; };
		B2CBB2D529A69FA80058F75A /* Lvl2Scene.swift in Sources */ = {isa = PBXBuildFile; fileRef = B2CBB2D429A69FA80058F75A /* Lvl2Scene.swift */; };
/* End PBXBuildFile section */

/* Begin PBXFileReference section */
		684F386D40AF1D486B29AD21 /* Pods-GameTutorial.debug.xcconfig */ = {isa = PBXFileReference; includeInIndex = 1; lastKnownFileType = text.xcconfig; name = "Pods-GameTutorial.debug.xcconfig"; path = "Target Support Files/Pods-GameTutorial/Pods-GameTutorial.debug.xcconfig"; sourceTree = "<group>"; };
		6EDBCF7BB5B940BFCD4212E6 /* Pods-GameTutorial.release.xcconfig */ = {isa = PBXFileReference; includeInIndex = 1; lastKnownFileType = text.xcconfig; name = "Pods-GameTutorial.release.xcconfig"; path = "Target Support Files/Pods-GameTutorial/Pods-GameTutorial.release.xcconfig"; sourceTree = "<group>"; };
		800C5FB0DC246159F909B62D /* Pods_GameTutorial.framework */ = {isa = PBXFileReference; explicitFileType = wrapper.framework; includeInIndex = 0; path = Pods_GameTutorial.framework; sourceTree = BUILT_PRODUCTS_DIR; };
		B254EBD8299D48EE005B5FC0 /* GameTutorial.app */ = {isa = PBXFileReference; explicitFileType = wrapper.application; includeInIndex = 0; path = GameTutorial.app; sourceTree = BUILT_PRODUCTS_DIR; };
		B254EBDB299D48EE005B5FC0 /* AppDelegate.swift */ = {isa = PBXFileReference; lastKnownFileType = sourcecode.swift; path = AppDelegate.swift; sourceTree = "<group>"; };
		B254EBDD299D48EE005B5FC0 /* GameScene.sks */ = {isa = PBXFileReference; lastKnownFileType = file.sks; path = GameScene.sks; sourceTree = "<group>"; };
		B254EBDF299D48EE005B5FC0 /* Actions.sks */ = {isa = PBXFileReference; lastKnownFileType = file.sks; path = Actions.sks; sourceTree = "<group>"; };
		B254EBE1299D48EE005B5FC0 /* GameScene.swift */ = {isa = PBXFileReference; lastKnownFileType = sourcecode.swift; path = GameScene.swift; sourceTree = "<group>"; };
		B254EBE3299D48EE005B5FC0 /* GameViewController.swift */ = {isa = PBXFileReference; lastKnownFileType = sourcecode.swift; path = GameViewController.swift; sourceTree = "<group>"; };
		B254EBE6299D48EE005B5FC0 /* Base */ = {isa = PBXFileReference; lastKnownFileType = file.storyboard; name = Base; path = Base.lproj/Main.storyboard; sourceTree = "<group>"; };
		B254EBE8299D48F0005B5FC0 /* Assets.xcassets */ = {isa = PBXFileReference; lastKnownFileType = folder.assetcatalog; path = Assets.xcassets; sourceTree = "<group>"; };
		B254EBEB299D48F0005B5FC0 /* Base */ = {isa = PBXFileReference; lastKnownFileType = file.storyboard; name = Base; path = Base.lproj/LaunchScreen.storyboard; sourceTree = "<group>"; };
		B25C898629A6A141003F4036 /* Lvl2Scene.sks */ = {isa = PBXFileReference; lastKnownFileType = file.sks; path = Lvl2Scene.sks; sourceTree = "<group>"; };
		B260AA8C29A926ED00A0E58B /* VpnChecker.swift */ = {isa = PBXFileReference; lastKnownFileType = sourcecode.swift; path = VpnChecker.swift; sourceTree = "<group>"; };
		B260AA8F29A936A200A0E58B /* Info.plist */ = {isa = PBXFileReference; lastKnownFileType = text.plist.xml; path = Info.plist; sourceTree = "<group>"; };
		B268609C29A2AAF600303C69 /* LevelsScene.sks */ = {isa = PBXFileReference; lastKnownFileType = file.sks; path = LevelsScene.sks; sourceTree = "<group>"; };
		B268609E29A2AB0D00303C69 /* LevelsScene.swift */ = {isa = PBXFileReference; lastKnownFileType = sourcecode.swift; path = LevelsScene.swift; sourceTree = "<group>"; };
		B2AEA32629A3C2DF00A8118F /* song.mp3 */ = {isa = PBXFileReference; lastKnownFileType = audio.mp3; name = song.mp3; path = ../../../../../Downloads/song.mp3; sourceTree = "<group>"; };
		B2B9DC1D29A00812005E6FC9 /* MenuGameScene.sks */ = {isa = PBXFileReference; lastKnownFileType = file.sks; path = MenuGameScene.sks; sourceTree = "<group>"; };
		B2B9DC2129A0094F005E6FC9 /* MenuGameScene.swift */ = {isa = PBXFileReference; lastKnownFileType = sourcecode.swift; path = MenuGameScene.swift; sourceTree = "<group>"; };
		B2CBB2D429A69FA80058F75A /* Lvl2Scene.swift */ = {isa = PBXFileReference; lastKnownFileType = sourcecode.swift; path = Lvl2Scene.swift; sourceTree = "<group>"; };
/* End PBXFileReference section */

/* Begin PBXFrameworksBuildPhase section */
		B254EBD5299D48ED005B5FC0 /* Frameworks */ = {
			isa = PBXFrameworksBuildPhase;
			buildActionMask = 2147483647;
			files = (
				57DCFD0CCFC8FA21C9303D5B /* Pods_GameTutorial.framework in Frameworks */,
			);
			runOnlyForDeploymentPostprocessing = 0;
		};
/* End PBXFrameworksBuildPhase section */

/* Begin PBXGroup section */
		2E51F1AD206F85BCA0ABAD96 /* Pods */ = {
			isa = PBXGroup;
			children = (
				684F386D40AF1D486B29AD21 /* Pods-GameTutorial.debug.xcconfig */,
				6EDBCF7BB5B940BFCD4212E6 /* Pods-GameTutorial.release.xcconfig */,
			);
			path = Pods;
			sourceTree = "<group>";
		};
		B254EBCF299D48ED005B5FC0 = {
			isa = PBXGroup;
			children = (
				B254EBDA299D48EE005B5FC0 /* GameTutorial */,
				B254EBD9299D48EE005B5FC0 /* Products */,
				2E51F1AD206F85BCA0ABAD96 /* Pods */,
				D849535A9B7688F77F7CF83D /* Frameworks */,
			);
			sourceTree = "<group>";
		};
		B254EBD9299D48EE005B5FC0 /* Products */ = {
			isa = PBXGroup;
			children = (
				B254EBD8299D48EE005B5FC0 /* GameTutorial.app */,
			);
			name = Products;
			sourceTree = "<group>";
		};
		B254EBDA299D48EE005B5FC0 /* GameTutorial */ = {
			isa = PBXGroup;
			children = (
				B260AA8F29A936A200A0E58B /* Info.plist */,
				B260AA8B29A9268600A0E58B /* Managers */,
				B2B9DC1A29A006DC005E6FC9 /* Support Files */,
				B268609B29A2AA8800303C69 /* Views */,
			);
			path = GameTutorial;
			sourceTree = "<group>";
		};
		B260AA8B29A9268600A0E58B /* Managers */ = {
			isa = PBXGroup;
			children = (
				B260AA8C29A926ED00A0E58B /* VpnChecker.swift */,
			);
			path = Managers;
			sourceTree = "<group>";
		};
		B268609A29A2AA4200303C69 /* Scenes */ = {
			isa = PBXGroup;
			children = (
				B2CBB2D129A69A9A0058F75A /* Levels */,
				B2B9DC1D29A00812005E6FC9 /* MenuGameScene.sks */,
				B2B9DC2129A0094F005E6FC9 /* MenuGameScene.swift */,
				B268609C29A2AAF600303C69 /* LevelsScene.sks */,
				B268609E29A2AB0D00303C69 /* LevelsScene.swift */,
			);
			path = Scenes;
			sourceTree = "<group>";
		};
		B268609B29A2AA8800303C69 /* Views */ = {
			isa = PBXGroup;
			children = (
				B254EBE3299D48EE005B5FC0 /* GameViewController.swift */,
				B268609A29A2AA4200303C69 /* Scenes */,
			);
			path = Views;
			sourceTree = "<group>";
		};
		B2B9DC1A29A006DC005E6FC9 /* Support Files */ = {
			isa = PBXGroup;
			children = (
				B254EBEA299D48F0005B5FC0 /* LaunchScreen.storyboard */,
				B254EBE8299D48F0005B5FC0 /* Assets.xcassets */,
				B2AEA32629A3C2DF00A8118F /* song.mp3 */,
				B254EBE5299D48EE005B5FC0 /* Main.storyboard */,
				B254EBDF299D48EE005B5FC0 /* Actions.sks */,
				B254EBDB299D48EE005B5FC0 /* AppDelegate.swift */,
			);
			path = "Support Files";
			sourceTree = "<group>";
		};
		B2CBB2D129A69A9A0058F75A /* Levels */ = {
			isa = PBXGroup;
			children = (
				B2CBB2D329A69E930058F75A /* level2 */,
				B2CBB2D229A69ABA0058F75A /* level1 */,
			);
			path = Levels;
			sourceTree = "<group>";
		};
		B2CBB2D229A69ABA0058F75A /* level1 */ = {
			isa = PBXGroup;
			children = (
				B254EBE1299D48EE005B5FC0 /* GameScene.swift */,
				B254EBDD299D48EE005B5FC0 /* GameScene.sks */,
			);
			path = level1;
			sourceTree = "<group>";
		};
		B2CBB2D329A69E930058F75A /* level2 */ = {
			isa = PBXGroup;
			children = (
				B25C898629A6A141003F4036 /* Lvl2Scene.sks */,
				B2CBB2D429A69FA80058F75A /* Lvl2Scene.swift */,
			);
			path = level2;
			sourceTree = "<group>";
		};
		D849535A9B7688F77F7CF83D /* Frameworks */ = {
			isa = PBXGroup;
			children = (
				800C5FB0DC246159F909B62D /* Pods_GameTutorial.framework */,
			);
			name = Frameworks;
			sourceTree = "<group>";
		};
/* End PBXGroup section */

/* Begin PBXNativeTarget section */
		B254EBD7299D48ED005B5FC0 /* GameTutorial */ = {
			isa = PBXNativeTarget;
			buildConfigurationList = B254EBEF299D48F0005B5FC0 /* Build configuration list for PBXNativeTarget "GameTutorial" */;
			buildPhases = (
				C894BBFB4380B3D629C7F68F /* [CP] Check Pods Manifest.lock */,
				B254EBD4299D48ED005B5FC0 /* Sources */,
				B254EBD5299D48ED005B5FC0 /* Frameworks */,
				B254EBD6299D48ED005B5FC0 /* Resources */,
				3ED7A3C4FD6E7CDBE41EFDD4 /* [CP] Embed Pods Frameworks */,
			);
			buildRules = (
			);
			dependencies = (
			);
			name = GameTutorial;
			productName = GameTutorial;
			productReference = B254EBD8299D48EE005B5FC0 /* GameTutorial.app */;
			productType = "com.apple.product-type.application";
		};
/* End PBXNativeTarget section */

/* Begin PBXProject section */
		B254EBD0299D48ED005B5FC0 /* Project object */ = {
			isa = PBXProject;
			attributes = {
				BuildIndependentTargetsInParallel = 1;
				LastSwiftUpdateCheck = 1410;
				LastUpgradeCheck = 1410;
				TargetAttributes = {
					B254EBD7299D48ED005B5FC0 = {
						CreatedOnToolsVersion = 14.1;
					};
				};
			};
			buildConfigurationList = B254EBD3299D48ED005B5FC0 /* Build configuration list for PBXProject "GameTutorial" */;
			compatibilityVersion = "Xcode 14.0";
			developmentRegion = en;
			hasScannedForEncodings = 0;
			knownRegions = (
				en,
				Base,
			);
			mainGroup = B254EBCF299D48ED005B5FC0;
			productRefGroup = B254EBD9299D48EE005B5FC0 /* Products */;
			projectDirPath = "";
			projectRoot = "";
			targets = (
				B254EBD7299D48ED005B5FC0 /* GameTutorial */,
			);
		};
/* End PBXProject section */

/* Begin PBXResourcesBuildPhase section */
		B254EBD6299D48ED005B5FC0 /* Resources */ = {
			isa = PBXResourcesBuildPhase;
			buildActionMask = 2147483647;
			files = (
				B254EBE7299D48EE005B5FC0 /* Main.storyboard in Resources */,
				B254EBDE299D48EE005B5FC0 /* GameScene.sks in Resources */,
				B254EBE9299D48F0005B5FC0 /* Assets.xcassets in Resources */,
				B2B9DC1E29A00812005E6FC9 /* MenuGameScene.sks in Resources */,
				B268609D29A2AAF600303C69 /* LevelsScene.sks in Resources */,
				B2AEA32729A3C2DF00A8118F /* song.mp3 in Resources */,
				B254EBEC299D48F0005B5FC0 /* LaunchScreen.storyboard in Resources */,
				B254EBE0299D48EE005B5FC0 /* Actions.sks in Resources */,
				B25C898729A6A141003F4036 /* Lvl2Scene.sks in Resources */,
			);
			runOnlyForDeploymentPostprocessing = 0;
		};
/* End PBXResourcesBuildPhase section */

/* Begin PBXShellScriptBuildPhase section */
		3ED7A3C4FD6E7CDBE41EFDD4 /* [CP] Embed Pods Frameworks */ = {
			isa = PBXShellScriptBuildPhase;
			buildActionMask = 2147483647;
			files = (
			);
			inputFileListPaths = (
				"${PODS_ROOT}/Target Support Files/Pods-GameTutorial/Pods-GameTutorial-frameworks-${CONFIGURATION}-input-files.xcfilelist",
			);
			name = "[CP] Embed Pods Frameworks";
			outputFileListPaths = (
				"${PODS_ROOT}/Target Support Files/Pods-GameTutorial/Pods-GameTutorial-frameworks-${CONFIGURATION}-output-files.xcfilelist",
			);
			runOnlyForDeploymentPostprocessing = 0;
			shellPath = /bin/sh;
			shellScript = "\"${PODS_ROOT}/Target Support Files/Pods-GameTutorial/Pods-GameTutorial-frameworks.sh\"\n";
			showEnvVarsInLog = 0;
		};
		C894BBFB4380B3D629C7F68F /* [CP] Check Pods Manifest.lock */ = {
			isa = PBXShellScriptBuildPhase;
			buildActionMask = 2147483647;
			files = (
			);
			inputFileListPaths = (
			);
			inputPaths = (
				"${PODS_PODFILE_DIR_PATH}/Podfile.lock",
				"${PODS_ROOT}/Manifest.lock",
			);
			name = "[CP] Check Pods Manifest.lock";
			outputFileListPaths = (
			);
			outputPaths = (
				"$(DERIVED_FILE_DIR)/Pods-GameTutorial-checkManifestLockResult.txt",
			);
			runOnlyForDeploymentPostprocessing = 0;
			shellPath = /bin/sh;
			shellScript = "diff \"${PODS_PODFILE_DIR_PATH}/Podfile.lock\" \"${PODS_ROOT}/Manifest.lock\" > /dev/null\nif [ $? != 0 ] ; then\n    # print error to STDERR\n    echo \"error: The sandbox is not in sync with the Podfile.lock. Run 'pod install' or update your CocoaPods installation.\" >&2\n    exit 1\nfi\n# This output is used by Xcode 'outputs' to avoid re-running this script phase.\necho \"SUCCESS\" > \"${SCRIPT_OUTPUT_FILE_0}\"\n";
			showEnvVarsInLog = 0;
		};
/* End PBXShellScriptBuildPhase section */

/* Begin PBXSourcesBuildPhase section */
		B254EBD4299D48ED005B5FC0 /* Sources */ = {
			isa = PBXSourcesBuildPhase;
			buildActionMask = 2147483647;
			files = (
				B260AA8D29A926ED00A0E58B /* VpnChecker.swift in Sources */,
				B254EBE2299D48EE005B5FC0 /* GameScene.swift in Sources */,
				B254EBE4299D48EE005B5FC0 /* GameViewController.swift in Sources */,
				B2CBB2D529A69FA80058F75A /* Lvl2Scene.swift in Sources */,
				B254EBDC299D48EE005B5FC0 /* AppDelegate.swift in Sources */,
				B268609F29A2AB0D00303C69 /* LevelsScene.swift in Sources */,
				B2B9DC2229A0094F005E6FC9 /* MenuGameScene.swift in Sources */,
			);
			runOnlyForDeploymentPostprocessing = 0;
		};
/* End PBXSourcesBuildPhase section */

/* Begin PBXVariantGroup section */
		B254EBE5299D48EE005B5FC0 /* Main.storyboard */ = {
			isa = PBXVariantGroup;
			children = (
				B254EBE6299D48EE005B5FC0 /* Base */,
			);
			name = Main.storyboard;
			sourceTree = "<group>";
		};
		B254EBEA299D48F0005B5FC0 /* LaunchScreen.storyboard */ = {
			isa = PBXVariantGroup;
			children = (
				B254EBEB299D48F0005B5FC0 /* Base */,
			);
			name = LaunchScreen.storyboard;
			sourceTree = "<group>";
		};
/* End PBXVariantGroup section */

/* Begin XCBuildConfiguration section */
		B254EBED299D48F0005B5FC0 /* Debug */ = {
			isa = XCBuildConfiguration;
			buildSettings = {
				ALWAYS_SEARCH_USER_PATHS = NO;
				CLANG_ANALYZER_NONNULL = YES;
				CLANG_ANALYZER_NUMBER_OBJECT_CONVERSION = YES_AGGRESSIVE;
				CLANG_CXX_LANGUAGE_STANDARD = "gnu++20";
				CLANG_ENABLE_MODULES = YES;
				CLANG_ENABLE_OBJC_ARC = YES;
				CLANG_ENABLE_OBJC_WEAK = YES;
				CLANG_WARN_BLOCK_CAPTURE_AUTORELEASING = YES;
				CLANG_WARN_BOOL_CONVERSION = YES;
				CLANG_WARN_COMMA = YES;
				CLANG_WARN_CONSTANT_CONVERSION = YES;
				CLANG_WARN_DEPRECATED_OBJC_IMPLEMENTATIONS = YES;
				CLANG_WARN_DIRECT_OBJC_ISA_USAGE = YES_ERROR;
				CLANG_WARN_DOCUMENTATION_COMMENTS = YES;
				CLANG_WARN_EMPTY_BODY = YES;
				CLANG_WARN_ENUM_CONVERSION = YES;
				CLANG_WARN_INFINITE_RECURSION = YES;
				CLANG_WARN_INT_CONVERSION = YES;
				CLANG_WARN_NON_LITERAL_NULL_CONVERSION = YES;
				CLANG_WARN_OBJC_IMPLICIT_RETAIN_SELF = YES;
				CLANG_WARN_OBJC_LITERAL_CONVERSION = YES;
				CLANG_WARN_OBJC_ROOT_CLASS = YES_ERROR;
				CLANG_WARN_QUOTED_INCLUDE_IN_FRAMEWORK_HEADER = YES;
				CLANG_WARN_RANGE_LOOP_ANALYSIS = YES;
				CLANG_WARN_STRICT_PROTOTYPES = YES;
				CLANG_WARN_SUSPICIOUS_MOVE = YES;
				CLANG_WARN_UNGUARDED_AVAILABILITY = YES_AGGRESSIVE;
				CLANG_WARN_UNREACHABLE_CODE = YES;
				CLANG_WARN__DUPLICATE_METHOD_MATCH = YES;
				COPY_PHASE_STRIP = NO;
				DEBUG_INFORMATION_FORMAT = dwarf;
				ENABLE_STRICT_OBJC_MSGSEND = YES;
				ENABLE_TESTABILITY = YES;
				GCC_C_LANGUAGE_STANDARD = gnu11;
				GCC_DYNAMIC_NO_PIC = NO;
				GCC_NO_COMMON_BLOCKS = YES;
				GCC_OPTIMIZATION_LEVEL = 0;
				GCC_PREPROCESSOR_DEFINITIONS = (
					"DEBUG=1",
					"$(inherited)",
				);
				GCC_WARN_64_TO_32_BIT_CONVERSION = YES;
				GCC_WARN_ABOUT_RETURN_TYPE = YES_ERROR;
				GCC_WARN_UNDECLARED_SELECTOR = YES;
				GCC_WARN_UNINITIALIZED_AUTOS = YES_AGGRESSIVE;
				GCC_WARN_UNUSED_FUNCTION = YES;
				GCC_WARN_UNUSED_VARIABLE = YES;
				IPHONEOS_DEPLOYMENT_TARGET = 16.1;
				MTL_ENABLE_DEBUG_INFO = INCLUDE_SOURCE;
				MTL_FAST_MATH = YES;
				ONLY_ACTIVE_ARCH = YES;
				SDKROOT = iphoneos;
				SWIFT_ACTIVE_COMPILATION_CONDITIONS = DEBUG;
				SWIFT_OPTIMIZATION_LEVEL = "-Onone";
			};
			name = Debug;
		};
		B254EBEE299D48F0005B5FC0 /* Release */ = {
			isa = XCBuildConfiguration;
			buildSettings = {
				ALWAYS_SEARCH_USER_PATHS = NO;
				CLANG_ANALYZER_NONNULL = YES;
				CLANG_ANALYZER_NUMBER_OBJECT_CONVERSION = YES_AGGRESSIVE;
				CLANG_CXX_LANGUAGE_STANDARD = "gnu++20";
				CLANG_ENABLE_MODULES = YES;
				CLANG_ENABLE_OBJC_ARC = YES;
				CLANG_ENABLE_OBJC_WEAK = YES;
				CLANG_WARN_BLOCK_CAPTURE_AUTORELEASING = YES;
				CLANG_WARN_BOOL_CONVERSION = YES;
				CLANG_WARN_COMMA = YES;
				CLANG_WARN_CONSTANT_CONVERSION = YES;
				CLANG_WARN_DEPRECATED_OBJC_IMPLEMENTATIONS = YES;
				CLANG_WARN_DIRECT_OBJC_ISA_USAGE = YES_ERROR;
				CLANG_WARN_DOCUMENTATION_COMMENTS = YES;
				CLANG_WARN_EMPTY_BODY = YES;
				CLANG_WARN_ENUM_CONVERSION = YES;
				CLANG_WARN_INFINITE_RECURSION = YES;
				CLANG_WARN_INT_CONVERSION = YES;
				CLANG_WARN_NON_LITERAL_NULL_CONVERSION = YES;
				CLANG_WARN_OBJC_IMPLICIT_RETAIN_SELF = YES;
				CLANG_WARN_OBJC_LITERAL_CONVERSION = YES;
				CLANG_WARN_OBJC_ROOT_CLASS = YES_ERROR;
				CLANG_WARN_QUOTED_INCLUDE_IN_FRAMEWORK_HEADER = YES;
				CLANG_WARN_RANGE_LOOP_ANALYSIS = YES;
				CLANG_WARN_STRICT_PROTOTYPES = YES;
				CLANG_WARN_SUSPICIOUS_MOVE = YES;
				CLANG_WARN_UNGUARDED_AVAILABILITY = YES_AGGRESSIVE;
				CLANG_WARN_UNREACHABLE_CODE = YES;
				CLANG_WARN__DUPLICATE_METHOD_MATCH = YES;
				COPY_PHASE_STRIP = NO;
				DEBUG_INFORMATION_FORMAT = "dwarf-with-dsym";
				ENABLE_NS_ASSERTIONS = NO;
				ENABLE_STRICT_OBJC_MSGSEND = YES;
				GCC_C_LANGUAGE_STANDARD = gnu11;
				GCC_NO_COMMON_BLOCKS = YES;
				GCC_WARN_64_TO_32_BIT_CONVERSION = YES;
				GCC_WARN_ABOUT_RETURN_TYPE = YES_ERROR;
				GCC_WARN_UNDECLARED_SELECTOR = YES;
				GCC_WARN_UNINITIALIZED_AUTOS = YES_AGGRESSIVE;
				GCC_WARN_UNUSED_FUNCTION = YES;
				GCC_WARN_UNUSED_VARIABLE = YES;
				IPHONEOS_DEPLOYMENT_TARGET = 16.1;
				MTL_ENABLE_DEBUG_INFO = NO;
				MTL_FAST_MATH = YES;
				SDKROOT = iphoneos;
				SWIFT_COMPILATION_MODE = wholemodule;
				SWIFT_OPTIMIZATION_LEVEL = "-O";
				VALIDATE_PRODUCT = YES;
			};
			name = Release;
		};
		B254EBF0299D48F0005B5FC0 /* Debug */ = {
			isa = XCBuildConfiguration;
			baseConfigurationReference = 684F386D40AF1D486B29AD21 /* Pods-GameTutorial.debug.xcconfig */;
			buildSettings = {
				ASSETCATALOG_COMPILER_APPICON_NAME = AppIcon;
				ASSETCATALOG_COMPILER_GLOBAL_ACCENT_COLOR_NAME = AccentColor;
				CODE_SIGN_ENTITLEMENTS = GameTutorial/GameTutorial.entitlements;
				CODE_SIGN_IDENTITY = "Apple Development";
				CODE_SIGN_STYLE = Automatic;
				CURRENT_PROJECT_VERSION = 1;
				DEVELOPMENT_TEAM = "";
				GENERATE_INFOPLIST_FILE = YES;
				INFOPLIST_FILE = GameTutorial/Info.plist;
				INFOPLIST_KEY_UIApplicationSupportsIndirectInputEvents = YES;
				INFOPLIST_KEY_UILaunchStoryboardName = LaunchScreen;
				INFOPLIST_KEY_UIMainStoryboardFile = Main;
				INFOPLIST_KEY_UIStatusBarHidden = YES;
				INFOPLIST_KEY_UISupportedInterfaceOrientations_iPad = "UIInterfaceOrientationPortrait UIInterfaceOrientationPortraitUpsideDown UIInterfaceOrientationLandscapeLeft UIInterfaceOrientationLandscapeRight";
				INFOPLIST_KEY_UISupportedInterfaceOrientations_iPhone = "UIInterfaceOrientationPortrait UIInterfaceOrientationLandscapeLeft UIInterfaceOrientationLandscapeRight";
				LD_RUNPATH_SEARCH_PATHS = (
					"$(inherited)",
					"@executable_path/Frameworks",
				);
				MARKETING_VERSION = 1.0;
				PRODUCT_BUNDLE_IDENTIFIER = vladShima.GameTutorial;
				PRODUCT_NAME = "$(TARGET_NAME)";
				PROVISIONING_PROFILE_SPECIFIER = "";
				SWIFT_EMIT_LOC_STRINGS = YES;
				SWIFT_VERSION = 5.0;
				TARGETED_DEVICE_FAMILY = "1,2";
			};
			name = Debug;
		};
		B254EBF1299D48F0005B5FC0 /* Release */ = {
			isa = XCBuildConfiguration;
			baseConfigurationReference = 6EDBCF7BB5B940BFCD4212E6 /* Pods-GameTutorial.release.xcconfig */;
			buildSettings = {
				ASSETCATALOG_COMPILER_APPICON_NAME = AppIcon;
				ASSETCATALOG_COMPILER_GLOBAL_ACCENT_COLOR_NAME = AccentColor;
				CODE_SIGN_ENTITLEMENTS = GameTutorial/GameTutorial.entitlements;
				CODE_SIGN_IDENTITY = "Apple Development";
				CODE_SIGN_STYLE = Automatic;
				CURRENT_PROJECT_VERSION = 1;
				DEVELOPMENT_TEAM = "";
				GENERATE_INFOPLIST_FILE = YES;
				INFOPLIST_FILE = GameTutorial/Info.plist;
				INFOPLIST_KEY_UIApplicationSupportsIndirectInputEvents = YES;
				INFOPLIST_KEY_UILaunchStoryboardName = LaunchScreen;
				INFOPLIST_KEY_UIMainStoryboardFile = Main;
				INFOPLIST_KEY_UIStatusBarHidden = YES;
				INFOPLIST_KEY_UISupportedInterfaceOrientations_iPad = "UIInterfaceOrientationPortrait UIInterfaceOrientationPortraitUpsideDown UIInterfaceOrientationLandscapeLeft UIInterfaceOrientationLandscapeRight";
				INFOPLIST_KEY_UISupportedInterfaceOrientations_iPhone = "UIInterfaceOrientationPortrait UIInterfaceOrientationLandscapeLeft UIInterfaceOrientationLandscapeRight";
				LD_RUNPATH_SEARCH_PATHS = (
					"$(inherited)",
					"@executable_path/Frameworks",
				);
				MARKETING_VERSION = 1.0;
				PRODUCT_BUNDLE_IDENTIFIER = vladShima.GameTutorial;
				PRODUCT_NAME = "$(TARGET_NAME)";
				PROVISIONING_PROFILE_SPECIFIER = "";
				SWIFT_EMIT_LOC_STRINGS = YES;
				SWIFT_VERSION = 5.0;
				TARGETED_DEVICE_FAMILY = "1,2";
			};
			name = Release;
		};
/* End XCBuildConfiguration section */

/* Begin XCConfigurationList section */
		B254EBD3299D48ED005B5FC0 /* Build configuration list for PBXProject "GameTutorial" */ = {
			isa = XCConfigurationList;
			buildConfigurations = (
				B254EBED299D48F0005B5FC0 /* Debug */,
				B254EBEE299D48F0005B5FC0 /* Release */,
			);
			defaultConfigurationIsVisible = 0;
			defaultConfigurationName = Release;
		};
		B254EBEF299D48F0005B5FC0 /* Build configuration list for PBXNativeTarget "GameTutorial" */ = {
			isa = XCConfigurationList;
			buildConfigurations = (
				B254EBF0299D48F0005B5FC0 /* Debug */,
				B254EBF1299D48F0005B5FC0 /* Release */,
			);
			defaultConfigurationIsVisible = 0;
			defaultConfigurationName = Release;
		};
/* End XCConfigurationList section */
	};
	rootObject = B254EBD0299D48ED005B5FC0 /* Project object */;
}
